// !$*UTF8*$!
{
	archiveVersion = 1;
	classes = {
	};
	objectVersion = 46;
	objects = {

/* Begin PBXBuildFile section */
		E169DAAD18939FF500BE0B5B /* PhotoGalleryViewController.m in Sources */ = {isa = PBXBuildFile; fileRef = E169DAAB18939FF500BE0B5B /* PhotoGalleryViewController.m */; };
		E169DAAE18939FF500BE0B5B /* PhotoGalleryViewController.xib in Resources */ = {isa = PBXBuildFile; fileRef = E169DAAC18939FF500BE0B5B /* PhotoGalleryViewController.xib */; };
		E16F38E618910DB000064806 /* CommunityCollectionCell.xib in Resources */ = {isa = PBXBuildFile; fileRef = E16F38E518910DB000064806 /* CommunityCollectionCell.xib */; };
		E16F390018912C9C00064806 /* 123-mobile-logo.png in Resources */ = {isa = PBXBuildFile; fileRef = E16F38EB18912C9C00064806 /* 123-mobile-logo.png */; };
		E16F390118912C9C00064806 /* cog-item.png in Resources */ = {isa = PBXBuildFile; fileRef = E16F38EC18912C9C00064806 /* cog-item.png */; };
		E16F390218912C9C00064806 /* cog-itemX30.png in Resources */ = {isa = PBXBuildFile; fileRef = E16F38ED18912C9C00064806 /* cog-itemX30.png */; };
		E16F390318912C9C00064806 /* community-icon.png in Resources */ = {isa = PBXBuildFile; fileRef = E16F38EE18912C9C00064806 /* community-icon.png */; };
		E16F390418912C9C00064806 /* community-iconX30.png in Resources */ = {isa = PBXBuildFile; fileRef = E16F38EF18912C9C00064806 /* community-iconX30.png */; };
		E16F390518912C9C00064806 /* earnings-icon.png in Resources */ = {isa = PBXBuildFile; fileRef = E16F38F018912C9C00064806 /* earnings-icon.png */; };
		E16F390618912C9C00064806 /* earnings-iconX30.png in Resources */ = {isa = PBXBuildFile; fileRef = E16F38F118912C9C00064806 /* earnings-iconX30.png */; };
		E16F390718912C9C00064806 /* folder-icon-bottomX30.png in Resources */ = {isa = PBXBuildFile; fileRef = E16F38F218912C9C00064806 /* folder-icon-bottomX30.png */; };
		E16F390818912C9C00064806 /* home-photo-quicklink.png in Resources */ = {isa = PBXBuildFile; fileRef = E16F38F318912C9C00064806 /* home-photo-quicklink.png */; };
		E16F390918912C9C00064806 /* icon-takephoto.png in Resources */ = {isa = PBXBuildFile; fileRef = E16F38F418912C9C00064806 /* icon-takephoto.png */; };
		E16F390A18912C9C00064806 /* icon-takephotoX30.png in Resources */ = {isa = PBXBuildFile; fileRef = E16F38F518912C9C00064806 /* icon-takephotoX30.png */; };
		E16F390B18912C9C00064806 /* login-logo.png in Resources */ = {isa = PBXBuildFile; fileRef = E16F38F618912C9C00064806 /* login-logo.png */; };
		E16F390C18912C9C00064806 /* next.png in Resources */ = {isa = PBXBuildFile; fileRef = E16F38F718912C9C00064806 /* next.png */; };
		E16F390D18912C9C00064806 /* previous.png in Resources */ = {isa = PBXBuildFile; fileRef = E16F38F818912C9C00064806 /* previous.png */; };
		E16F390E18912C9C00064806 /* private-icon.png in Resources */ = {isa = PBXBuildFile; fileRef = E16F38F918912C9C00064806 /* private-icon.png */; };
		E16F390F18912C9C00064806 /* share-email.png in Resources */ = {isa = PBXBuildFile; fileRef = E16F38FA18912C9C00064806 /* share-email.png */; };
		E16F391018912C9C00064806 /* share-facebook.png in Resources */ = {isa = PBXBuildFile; fileRef = E16F38FB18912C9C00064806 /* share-facebook.png */; };
		E16F391118912C9C00064806 /* share-sms.png in Resources */ = {isa = PBXBuildFile; fileRef = E16F38FC18912C9C00064806 /* share-sms.png */; };
		E16F391218912C9C00064806 /* share-to-folder.png in Resources */ = {isa = PBXBuildFile; fileRef = E16F38FD18912C9C00064806 /* share-to-folder.png */; };
		E16F391318912C9C00064806 /* share-twitter.png in Resources */ = {isa = PBXBuildFile; fileRef = E16F38FE18912C9C00064806 /* share-twitter.png */; };
		E16F391418912C9C00064806 /* shared-icon.png in Resources */ = {isa = PBXBuildFile; fileRef = E16F38FF18912C9C00064806 /* shared-icon.png */; };
		E16F3916189130A800064806 /* folder-icon.png in Resources */ = {isa = PBXBuildFile; fileRef = E16F3915189130A800064806 /* folder-icon.png */; };
		E16F3918189131C600064806 /* wall.jpg in Resources */ = {isa = PBXBuildFile; fileRef = E16F3917189131C600064806 /* wall.jpg */; };
		E16F391B1891325600064806 /* CommonTopView.m in Sources */ = {isa = PBXBuildFile; fileRef = E16F391A1891325600064806 /* CommonTopView.m */; };
		E16F392018914D4A00064806 /* back.png in Resources */ = {isa = PBXBuildFile; fileRef = E16F391F18914D4A00064806 /* back.png */; };
		E17222AD18923AF900F28748 /* CollectionViewCell.m in Sources */ = {isa = PBXBuildFile; fileRef = E17222AC18923AF900F28748 /* CollectionViewCell.m */; };
		E17222AF1892470600F28748 /* add_folder.png in Resources */ = {isa = PBXBuildFile; fileRef = E17222AE1892470600F28748 /* add_folder.png */; };
		E17222B31892518B00F28748 /* AddEditFolderViewController.m in Sources */ = {isa = PBXBuildFile; fileRef = E17222B11892518B00F28748 /* AddEditFolderViewController.m */; };
		E17222B41892518B00F28748 /* AddEditFolderViewController.xib in Resources */ = {isa = PBXBuildFile; fileRef = E17222B21892518B00F28748 /* AddEditFolderViewController.xib */; };
		E17222B7189280FE00F28748 /* JXBarChartView.m in Sources */ = {isa = PBXBuildFile; fileRef = E17222B6189280FE00F28748 /* JXBarChartView.m */; };
		E17222BB1892817800F28748 /* EarningViewController.m in Sources */ = {isa = PBXBuildFile; fileRef = E17222B91892817800F28748 /* EarningViewController.m */; };
		E17222BC1892817800F28748 /* EarningViewController.xib in Resources */ = {isa = PBXBuildFile; fileRef = E17222BA1892817800F28748 /* EarningViewController.xib */; };
		E17222C51892819A00F28748 /* PastPayementViewController.m in Sources */ = {isa = PBXBuildFile; fileRef = E17222C31892819A00F28748 /* PastPayementViewController.m */; };
		E17222C61892819A00F28748 /* PastPayementViewController.xib in Resources */ = {isa = PBXBuildFile; fileRef = E17222C41892819A00F28748 /* PastPayementViewController.xib */; };
		E17222CA189281B000F28748 /* ResetPasswordController.m in Sources */ = {isa = PBXBuildFile; fileRef = E17222C8189281B000F28748 /* ResetPasswordController.m */; };
		E17222CB189281B000F28748 /* ResetPasswordController.xib in Resources */ = {isa = PBXBuildFile; fileRef = E17222C9189281B000F28748 /* ResetPasswordController.xib */; };
		E17222CD189281C000F28748 /* login2_new.png in Resources */ = {isa = PBXBuildFile; fileRef = E17222CC189281C000F28748 /* login2_new.png */; };
		E17222D0189281F600F28748 /* ContentManager.m in Sources */ = {isa = PBXBuildFile; fileRef = E17222CF189281F600F28748 /* ContentManager.m */; };
		E17222D9189285A100F28748 /* LoginViewController.m in Sources */ = {isa = PBXBuildFile; fileRef = E17222D7189285A100F28748 /* LoginViewController.m */; };
		E17222DA189285A100F28748 /* LoginViewController.xib in Resources */ = {isa = PBXBuildFile; fileRef = E17222D8189285A100F28748 /* LoginViewController.xib */; };
		E17222DE18928DE700F28748 /* arrows_blue.png in Resources */ = {isa = PBXBuildFile; fileRef = E17222DB18928DE700F28748 /* arrows_blue.png */; };
		E17222DF18928DE700F28748 /* cancel_btn.png in Resources */ = {isa = PBXBuildFile; fileRef = E17222DC18928DE700F28748 /* cancel_btn.png */; };
		E17222E018928DE700F28748 /* cancel_red.png in Resources */ = {isa = PBXBuildFile; fileRef = E17222DD18928DE700F28748 /* cancel_red.png */; };
		E18648D21896285800175E8D /* Base64.m in Sources */ = {isa = PBXBuildFile; fileRef = E18648D11896285800175E8D /* Base64.m */; };
		E18648D41896596200175E8D /* checkbox.png in Resources */ = {isa = PBXBuildFile; fileRef = E18648D31896596200175E8D /* checkbox.png */; };
		E3188D971893829C004ACF77 /* MyReferralViewController.m in Sources */ = {isa = PBXBuildFile; fileRef = E3188D951893829C004ACF77 /* MyReferralViewController.m */; };
		E3188D981893829C004ACF77 /* MyReferralViewController.xib in Resources */ = {isa = PBXBuildFile; fileRef = E3188D961893829C004ACF77 /* MyReferralViewController.xib */; };
		E3188D9C18938888004ACF77 /* CustomCell.m in Sources */ = {isa = PBXBuildFile; fileRef = E3188D9A18938888004ACF77 /* CustomCell.m */; };
		E3188D9D18938888004ACF77 /* CustomCell.xib in Resources */ = {isa = PBXBuildFile; fileRef = E3188D9B18938888004ACF77 /* CustomCell.xib */; };
		E3188D9F18939171004ACF77 /* cellImage.png in Resources */ = {isa = PBXBuildFile; fileRef = E3188D9E18939171004ACF77 /* cellImage.png */; };
		E3188DA21893968A004ACF77 /* FinanceCalculatorViewController.m in Sources */ = {isa = PBXBuildFile; fileRef = E3188DA11893968A004ACF77 /* FinanceCalculatorViewController.m */; };
		E3188DA4189396C0004ACF77 /* FinanceCalculatorViewController.xib in Resources */ = {isa = PBXBuildFile; fileRef = E3188DA3189396C0004ACF77 /* FinanceCalculatorViewController.xib */; };
		E3188DAA1893BABF004ACF77 /* currencyselector_btn.png in Resources */ = {isa = PBXBuildFile; fileRef = E3188DA91893BABF004ACF77 /* currencyselector_btn.png */; };
		E31AA48B18962DFA0065F8E2 /* ReferralStageFourVC.m in Sources */ = {isa = PBXBuildFile; fileRef = E31AA48918962DFA0065F8E2 /* ReferralStageFourVC.m */; };
		E31AA48C18962DFA0065F8E2 /* ReferralStageFourVC.xib in Resources */ = {isa = PBXBuildFile; fileRef = E31AA48A18962DFA0065F8E2 /* ReferralStageFourVC.xib */; };
		E31AA490189662C00065F8E2 /* EditMessageVC.m in Sources */ = {isa = PBXBuildFile; fileRef = E31AA48E189662C00065F8E2 /* EditMessageVC.m */; };
		E31AA491189662C00065F8E2 /* EditMessageVC.xib in Resources */ = {isa = PBXBuildFile; fileRef = E31AA48F189662C00065F8E2 /* EditMessageVC.xib */; };
		FC976390188FEB89008DF1F8 /* Foundation.framework in Frameworks */ = {isa = PBXBuildFile; fileRef = FC97638F188FEB89008DF1F8 /* Foundation.framework */; };
		FC976392188FEB89008DF1F8 /* CoreGraphics.framework in Frameworks */ = {isa = PBXBuildFile; fileRef = FC976391188FEB89008DF1F8 /* CoreGraphics.framework */; };
		FC976394188FEB89008DF1F8 /* UIKit.framework in Frameworks */ = {isa = PBXBuildFile; fileRef = FC976393188FEB89008DF1F8 /* UIKit.framework */; };
		FC97639A188FEB89008DF1F8 /* InfoPlist.strings in Resources */ = {isa = PBXBuildFile; fileRef = FC976398188FEB89008DF1F8 /* InfoPlist.strings */; };
		FC97639C188FEB89008DF1F8 /* main.m in Sources */ = {isa = PBXBuildFile; fileRef = FC97639B188FEB89008DF1F8 /* main.m */; };
		FC9763A0188FEB89008DF1F8 /* AppDelegate.m in Sources */ = {isa = PBXBuildFile; fileRef = FC97639F188FEB89008DF1F8 /* AppDelegate.m */; };
		FC9763AB188FEB89008DF1F8 /* Images.xcassets in Resources */ = {isa = PBXBuildFile; fileRef = FC9763AA188FEB89008DF1F8 /* Images.xcassets */; };
		FC9763B2188FEB89008DF1F8 /* XCTest.framework in Frameworks */ = {isa = PBXBuildFile; fileRef = FC9763B1188FEB89008DF1F8 /* XCTest.framework */; };
		FC9763B3188FEB89008DF1F8 /* Foundation.framework in Frameworks */ = {isa = PBXBuildFile; fileRef = FC97638F188FEB89008DF1F8 /* Foundation.framework */; };
		FC9763B4188FEB89008DF1F8 /* UIKit.framework in Frameworks */ = {isa = PBXBuildFile; fileRef = FC976393188FEB89008DF1F8 /* UIKit.framework */; };
		FC9763BC188FEB89008DF1F8 /* InfoPlist.strings in Resources */ = {isa = PBXBuildFile; fileRef = FC9763BA188FEB89008DF1F8 /* InfoPlist.strings */; };
		FC9763BE188FEB89008DF1F8 /* photoshareTests.m in Sources */ = {isa = PBXBuildFile; fileRef = FC9763BD188FEB89008DF1F8 /* photoshareTests.m */; };
		FC9763FC189003E9008DF1F8 /* CommunityViewController.m in Sources */ = {isa = PBXBuildFile; fileRef = FC9763FA189003E9008DF1F8 /* CommunityViewController.m */; };
		FC9763FD189003E9008DF1F8 /* CommunityViewController.xib in Resources */ = {isa = PBXBuildFile; fileRef = FC9763FB189003E9008DF1F8 /* CommunityViewController.xib */; };
		FC976406189004E0008DF1F8 /* ReferFriendViewController.m in Sources */ = {isa = PBXBuildFile; fileRef = FC976404189004E0008DF1F8 /* ReferFriendViewController.m */; };
		FC976407189004E0008DF1F8 /* ReferFriendViewController.xib in Resources */ = {isa = PBXBuildFile; fileRef = FC976405189004E0008DF1F8 /* ReferFriendViewController.xib */; };
		FC97640B18900505008DF1F8 /* AccountViewController.m in Sources */ = {isa = PBXBuildFile; fileRef = FC97640918900505008DF1F8 /* AccountViewController.m */; };
		FC97640C18900505008DF1F8 /* AccountViewController.xib in Resources */ = {isa = PBXBuildFile; fileRef = FC97640A18900505008DF1F8 /* AccountViewController.xib */; };
		FC97641218900734008DF1F8 /* PhotoViewController.m in Sources */ = {isa = PBXBuildFile; fileRef = FC97641018900734008DF1F8 /* PhotoViewController.m */; };
		FC97641318900734008DF1F8 /* PhotoViewController.xib in Resources */ = {isa = PBXBuildFile; fileRef = FC97641118900734008DF1F8 /* PhotoViewController.xib */; };
		FC97641718900B00008DF1F8 /* HomeViewController.m in Sources */ = {isa = PBXBuildFile; fileRef = FC97641518900B00008DF1F8 /* HomeViewController.m */; };
		FC97641818900B00008DF1F8 /* HomeViewController.xib in Resources */ = {isa = PBXBuildFile; fileRef = FC97641618900B00008DF1F8 /* HomeViewController.xib */; };
		FCB0B77518945C0F001722B3 /* WebserviceController.m in Sources */ = {isa = PBXBuildFile; fileRef = FCB0B77418945C0F001722B3 /* WebserviceController.m */; };
/* End PBXBuildFile section */

/* Begin PBXContainerItemProxy section */
		FC9763B5188FEB89008DF1F8 /* PBXContainerItemProxy */ = {
			isa = PBXContainerItemProxy;
			containerPortal = FC976384188FEB89008DF1F8 /* Project object */;
			proxyType = 1;
			remoteGlobalIDString = FC97638B188FEB89008DF1F8;
			remoteInfo = photoshare;
		};
/* End PBXContainerItemProxy section */

/* Begin PBXFileReference section */
		E169DAAA18939FF500BE0B5B /* PhotoGalleryViewController.h */ = {isa = PBXFileReference; fileEncoding = 4; lastKnownFileType = sourcecode.c.h; path = PhotoGalleryViewController.h; sourceTree = "<group>"; };
		E169DAAB18939FF500BE0B5B /* PhotoGalleryViewController.m */ = {isa = PBXFileReference; fileEncoding = 4; lastKnownFileType = sourcecode.c.objc; path = PhotoGalleryViewController.m; sourceTree = "<group>"; };
		E169DAAC18939FF500BE0B5B /* PhotoGalleryViewController.xib */ = {isa = PBXFileReference; fileEncoding = 4; lastKnownFileType = file.xib; path = PhotoGalleryViewController.xib; sourceTree = "<group>"; };
		E16F38E518910DB000064806 /* CommunityCollectionCell.xib */ = {isa = PBXFileReference; fileEncoding = 4; lastKnownFileType = file.xib; path = CommunityCollectionCell.xib; sourceTree = "<group>"; };
		E16F38EB18912C9C00064806 /* 123-mobile-logo.png */ = {isa = PBXFileReference; lastKnownFileType = image.png; path = "123-mobile-logo.png"; sourceTree = "<group>"; };
		E16F38EC18912C9C00064806 /* cog-item.png */ = {isa = PBXFileReference; lastKnownFileType = image.png; path = "cog-item.png"; sourceTree = "<group>"; };
		E16F38ED18912C9C00064806 /* cog-itemX30.png */ = {isa = PBXFileReference; lastKnownFileType = image.png; path = "cog-itemX30.png"; sourceTree = "<group>"; };
		E16F38EE18912C9C00064806 /* community-icon.png */ = {isa = PBXFileReference; lastKnownFileType = image.png; path = "community-icon.png"; sourceTree = "<group>"; };
		E16F38EF18912C9C00064806 /* community-iconX30.png */ = {isa = PBXFileReference; lastKnownFileType = image.png; path = "community-iconX30.png"; sourceTree = "<group>"; };
		E16F38F018912C9C00064806 /* earnings-icon.png */ = {isa = PBXFileReference; lastKnownFileType = image.png; path = "earnings-icon.png"; sourceTree = "<group>"; };
		E16F38F118912C9C00064806 /* earnings-iconX30.png */ = {isa = PBXFileReference; lastKnownFileType = image.png; path = "earnings-iconX30.png"; sourceTree = "<group>"; };
		E16F38F218912C9C00064806 /* folder-icon-bottomX30.png */ = {isa = PBXFileReference; lastKnownFileType = image.png; path = "folder-icon-bottomX30.png"; sourceTree = "<group>"; };
		E16F38F318912C9C00064806 /* home-photo-quicklink.png */ = {isa = PBXFileReference; lastKnownFileType = image.png; path = "home-photo-quicklink.png"; sourceTree = "<group>"; };
		E16F38F418912C9C00064806 /* icon-takephoto.png */ = {isa = PBXFileReference; lastKnownFileType = image.png; path = "icon-takephoto.png"; sourceTree = "<group>"; };
		E16F38F518912C9C00064806 /* icon-takephotoX30.png */ = {isa = PBXFileReference; lastKnownFileType = image.png; path = "icon-takephotoX30.png"; sourceTree = "<group>"; };
		E16F38F618912C9C00064806 /* login-logo.png */ = {isa = PBXFileReference; lastKnownFileType = image.png; path = "login-logo.png"; sourceTree = "<group>"; };
		E16F38F718912C9C00064806 /* next.png */ = {isa = PBXFileReference; lastKnownFileType = image.png; path = next.png; sourceTree = "<group>"; };
		E16F38F818912C9C00064806 /* previous.png */ = {isa = PBXFileReference; lastKnownFileType = image.png; path = previous.png; sourceTree = "<group>"; };
		E16F38F918912C9C00064806 /* private-icon.png */ = {isa = PBXFileReference; lastKnownFileType = image.png; path = "private-icon.png"; sourceTree = "<group>"; };
		E16F38FA18912C9C00064806 /* share-email.png */ = {isa = PBXFileReference; lastKnownFileType = image.png; path = "share-email.png"; sourceTree = "<group>"; };
		E16F38FB18912C9C00064806 /* share-facebook.png */ = {isa = PBXFileReference; lastKnownFileType = image.png; path = "share-facebook.png"; sourceTree = "<group>"; };
		E16F38FC18912C9C00064806 /* share-sms.png */ = {isa = PBXFileReference; lastKnownFileType = image.png; path = "share-sms.png"; sourceTree = "<group>"; };
		E16F38FD18912C9C00064806 /* share-to-folder.png */ = {isa = PBXFileReference; lastKnownFileType = image.png; path = "share-to-folder.png"; sourceTree = "<group>"; };
		E16F38FE18912C9C00064806 /* share-twitter.png */ = {isa = PBXFileReference; lastKnownFileType = image.png; path = "share-twitter.png"; sourceTree = "<group>"; };
		E16F38FF18912C9C00064806 /* shared-icon.png */ = {isa = PBXFileReference; lastKnownFileType = image.png; path = "shared-icon.png"; sourceTree = "<group>"; };
		E16F3915189130A800064806 /* folder-icon.png */ = {isa = PBXFileReference; lastKnownFileType = image.png; path = "folder-icon.png"; sourceTree = "<group>"; };
		E16F3917189131C600064806 /* wall.jpg */ = {isa = PBXFileReference; lastKnownFileType = image.jpeg; path = wall.jpg; sourceTree = "<group>"; };
		E16F39191891325600064806 /* CommonTopView.h */ = {isa = PBXFileReference; fileEncoding = 4; lastKnownFileType = sourcecode.c.h; path = CommonTopView.h; sourceTree = "<group>"; };
		E16F391A1891325600064806 /* CommonTopView.m */ = {isa = PBXFileReference; fileEncoding = 4; lastKnownFileType = sourcecode.c.objc; path = CommonTopView.m; sourceTree = "<group>"; };
		E16F391F18914D4A00064806 /* back.png */ = {isa = PBXFileReference; lastKnownFileType = image.png; path = back.png; sourceTree = "<group>"; };
		E17222AB18923AF900F28748 /* CollectionViewCell.h */ = {isa = PBXFileReference; fileEncoding = 4; lastKnownFileType = sourcecode.c.h; path = CollectionViewCell.h; sourceTree = "<group>"; };
		E17222AC18923AF900F28748 /* CollectionViewCell.m */ = {isa = PBXFileReference; fileEncoding = 4; lastKnownFileType = sourcecode.c.objc; path = CollectionViewCell.m; sourceTree = "<group>"; };
		E17222AE1892470600F28748 /* add_folder.png */ = {isa = PBXFileReference; lastKnownFileType = image.png; path = add_folder.png; sourceTree = "<group>"; };
		E17222B01892518B00F28748 /* AddEditFolderViewController.h */ = {isa = PBXFileReference; fileEncoding = 4; lastKnownFileType = sourcecode.c.h; path = AddEditFolderViewController.h; sourceTree = "<group>"; };
		E17222B11892518B00F28748 /* AddEditFolderViewController.m */ = {isa = PBXFileReference; fileEncoding = 4; lastKnownFileType = sourcecode.c.objc; path = AddEditFolderViewController.m; sourceTree = "<group>"; };
		E17222B21892518B00F28748 /* AddEditFolderViewController.xib */ = {isa = PBXFileReference; fileEncoding = 4; lastKnownFileType = file.xib; path = AddEditFolderViewController.xib; sourceTree = "<group>"; };
		E17222B5189280FE00F28748 /* JXBarChartView.h */ = {isa = PBXFileReference; fileEncoding = 4; lastKnownFileType = sourcecode.c.h; path = JXBarChartView.h; sourceTree = "<group>"; };
		E17222B6189280FE00F28748 /* JXBarChartView.m */ = {isa = PBXFileReference; fileEncoding = 4; lastKnownFileType = sourcecode.c.objc; path = JXBarChartView.m; sourceTree = "<group>"; };
		E17222B81892817800F28748 /* EarningViewController.h */ = {isa = PBXFileReference; fileEncoding = 4; lastKnownFileType = sourcecode.c.h; path = EarningViewController.h; sourceTree = "<group>"; };
		E17222B91892817800F28748 /* EarningViewController.m */ = {isa = PBXFileReference; fileEncoding = 4; lastKnownFileType = sourcecode.c.objc; path = EarningViewController.m; sourceTree = "<group>"; };
		E17222BA1892817800F28748 /* EarningViewController.xib */ = {isa = PBXFileReference; fileEncoding = 4; lastKnownFileType = file.xib; path = EarningViewController.xib; sourceTree = "<group>"; };
		E17222C21892819A00F28748 /* PastPayementViewController.h */ = {isa = PBXFileReference; fileEncoding = 4; lastKnownFileType = sourcecode.c.h; path = PastPayementViewController.h; sourceTree = "<group>"; };
		E17222C31892819A00F28748 /* PastPayementViewController.m */ = {isa = PBXFileReference; fileEncoding = 4; lastKnownFileType = sourcecode.c.objc; path = PastPayementViewController.m; sourceTree = "<group>"; };
		E17222C41892819A00F28748 /* PastPayementViewController.xib */ = {isa = PBXFileReference; fileEncoding = 4; lastKnownFileType = file.xib; path = PastPayementViewController.xib; sourceTree = "<group>"; };
		E17222C7189281B000F28748 /* ResetPasswordController.h */ = {isa = PBXFileReference; fileEncoding = 4; lastKnownFileType = sourcecode.c.h; path = ResetPasswordController.h; sourceTree = "<group>"; };
		E17222C8189281B000F28748 /* ResetPasswordController.m */ = {isa = PBXFileReference; fileEncoding = 4; lastKnownFileType = sourcecode.c.objc; path = ResetPasswordController.m; sourceTree = "<group>"; };
		E17222C9189281B000F28748 /* ResetPasswordController.xib */ = {isa = PBXFileReference; fileEncoding = 4; lastKnownFileType = file.xib; path = ResetPasswordController.xib; sourceTree = "<group>"; };
		E17222CC189281C000F28748 /* login2_new.png */ = {isa = PBXFileReference; lastKnownFileType = image.png; path = login2_new.png; sourceTree = "<group>"; };
		E17222CE189281F600F28748 /* ContentManager.h */ = {isa = PBXFileReference; fileEncoding = 4; lastKnownFileType = sourcecode.c.h; path = ContentManager.h; sourceTree = "<group>"; };
		E17222CF189281F600F28748 /* ContentManager.m */ = {isa = PBXFileReference; fileEncoding = 4; lastKnownFileType = sourcecode.c.objc; path = ContentManager.m; sourceTree = "<group>"; };
		E17222D6189285A100F28748 /* LoginViewController.h */ = {isa = PBXFileReference; fileEncoding = 4; lastKnownFileType = sourcecode.c.h; path = LoginViewController.h; sourceTree = "<group>"; };
		E17222D7189285A100F28748 /* LoginViewController.m */ = {isa = PBXFileReference; fileEncoding = 4; lastKnownFileType = sourcecode.c.objc; path = LoginViewController.m; sourceTree = "<group>"; };
		E17222D8189285A100F28748 /* LoginViewController.xib */ = {isa = PBXFileReference; fileEncoding = 4; lastKnownFileType = file.xib; path = LoginViewController.xib; sourceTree = "<group>"; };
		E17222DB18928DE700F28748 /* arrows_blue.png */ = {isa = PBXFileReference; lastKnownFileType = image.png; path = arrows_blue.png; sourceTree = "<group>"; };
		E17222DC18928DE700F28748 /* cancel_btn.png */ = {isa = PBXFileReference; lastKnownFileType = image.png; path = cancel_btn.png; sourceTree = "<group>"; };
		E17222DD18928DE700F28748 /* cancel_red.png */ = {isa = PBXFileReference; lastKnownFileType = image.png; path = cancel_red.png; sourceTree = "<group>"; };
		E18648D01896285800175E8D /* Base64.h */ = {isa = PBXFileReference; fileEncoding = 4; lastKnownFileType = sourcecode.c.h; path = Base64.h; sourceTree = "<group>"; };
		E18648D11896285800175E8D /* Base64.m */ = {isa = PBXFileReference; fileEncoding = 4; lastKnownFileType = sourcecode.c.objc; path = Base64.m; sourceTree = "<group>"; };
		E18648D31896596200175E8D /* checkbox.png */ = {isa = PBXFileReference; lastKnownFileType = image.png; path = checkbox.png; sourceTree = "<group>"; };
		E3188D941893829C004ACF77 /* MyReferralViewController.h */ = {isa = PBXFileReference; fileEncoding = 4; lastKnownFileType = sourcecode.c.h; path = MyReferralViewController.h; sourceTree = "<group>"; };
		E3188D951893829C004ACF77 /* MyReferralViewController.m */ = {isa = PBXFileReference; fileEncoding = 4; lastKnownFileType = sourcecode.c.objc; path = MyReferralViewController.m; sourceTree = "<group>"; };
		E3188D961893829C004ACF77 /* MyReferralViewController.xib */ = {isa = PBXFileReference; fileEncoding = 4; lastKnownFileType = file.xib; path = MyReferralViewController.xib; sourceTree = "<group>"; };
		E3188D9918938888004ACF77 /* CustomCell.h */ = {isa = PBXFileReference; fileEncoding = 4; lastKnownFileType = sourcecode.c.h; path = CustomCell.h; sourceTree = "<group>"; };
		E3188D9A18938888004ACF77 /* CustomCell.m */ = {isa = PBXFileReference; fileEncoding = 4; lastKnownFileType = sourcecode.c.objc; path = CustomCell.m; sourceTree = "<group>"; };
		E3188D9B18938888004ACF77 /* CustomCell.xib */ = {isa = PBXFileReference; fileEncoding = 4; lastKnownFileType = file.xib; path = CustomCell.xib; sourceTree = "<group>"; };
		E3188D9E18939171004ACF77 /* cellImage.png */ = {isa = PBXFileReference; lastKnownFileType = image.png; path = cellImage.png; sourceTree = "<group>"; };
		E3188DA01893968A004ACF77 /* FinanceCalculatorViewController.h */ = {isa = PBXFileReference; fileEncoding = 4; lastKnownFileType = sourcecode.c.h; path = FinanceCalculatorViewController.h; sourceTree = "<group>"; };
		E3188DA11893968A004ACF77 /* FinanceCalculatorViewController.m */ = {isa = PBXFileReference; fileEncoding = 4; lastKnownFileType = sourcecode.c.objc; path = FinanceCalculatorViewController.m; sourceTree = "<group>"; };
		E3188DA3189396C0004ACF77 /* FinanceCalculatorViewController.xib */ = {isa = PBXFileReference; fileEncoding = 4; lastKnownFileType = file.xib; path = FinanceCalculatorViewController.xib; sourceTree = "<group>"; };
		E3188DA91893BABF004ACF77 /* currencyselector_btn.png */ = {isa = PBXFileReference; lastKnownFileType = image.png; path = currencyselector_btn.png; sourceTree = "<group>"; };
		E31AA48818962DFA0065F8E2 /* ReferralStageFourVC.h */ = {isa = PBXFileReference; fileEncoding = 4; lastKnownFileType = sourcecode.c.h; path = ReferralStageFourVC.h; sourceTree = "<group>"; };
		E31AA48918962DFA0065F8E2 /* ReferralStageFourVC.m */ = {isa = PBXFileReference; fileEncoding = 4; lastKnownFileType = sourcecode.c.objc; path = ReferralStageFourVC.m; sourceTree = "<group>"; };
		E31AA48A18962DFA0065F8E2 /* ReferralStageFourVC.xib */ = {isa = PBXFileReference; fileEncoding = 4; lastKnownFileType = file.xib; path = ReferralStageFourVC.xib; sourceTree = "<group>"; };
		E31AA48D189662C00065F8E2 /* EditMessageVC.h */ = {isa = PBXFileReference; fileEncoding = 4; lastKnownFileType = sourcecode.c.h; path = EditMessageVC.h; sourceTree = "<group>"; };
		E31AA48E189662C00065F8E2 /* EditMessageVC.m */ = {isa = PBXFileReference; fileEncoding = 4; lastKnownFileType = sourcecode.c.objc; path = EditMessageVC.m; sourceTree = "<group>"; };
		E31AA48F189662C00065F8E2 /* EditMessageVC.xib */ = {isa = PBXFileReference; fileEncoding = 4; lastKnownFileType = file.xib; path = EditMessageVC.xib; sourceTree = "<group>"; };
		FC97638C188FEB89008DF1F8 /* photoshare.app */ = {isa = PBXFileReference; explicitFileType = wrapper.application; includeInIndex = 0; path = photoshare.app; sourceTree = BUILT_PRODUCTS_DIR; };
		FC97638F188FEB89008DF1F8 /* Foundation.framework */ = {isa = PBXFileReference; lastKnownFileType = wrapper.framework; name = Foundation.framework; path = System/Library/Frameworks/Foundation.framework; sourceTree = SDKROOT; };
		FC976391188FEB89008DF1F8 /* CoreGraphics.framework */ = {isa = PBXFileReference; lastKnownFileType = wrapper.framework; name = CoreGraphics.framework; path = System/Library/Frameworks/CoreGraphics.framework; sourceTree = SDKROOT; };
		FC976393188FEB89008DF1F8 /* UIKit.framework */ = {isa = PBXFileReference; lastKnownFileType = wrapper.framework; name = UIKit.framework; path = System/Library/Frameworks/UIKit.framework; sourceTree = SDKROOT; };
		FC976397188FEB89008DF1F8 /* photoshare-Info.plist */ = {isa = PBXFileReference; lastKnownFileType = text.plist.xml; path = "photoshare-Info.plist"; sourceTree = "<group>"; };
		FC976399188FEB89008DF1F8 /* en */ = {isa = PBXFileReference; lastKnownFileType = text.plist.strings; name = en; path = en.lproj/InfoPlist.strings; sourceTree = "<group>"; };
		FC97639B188FEB89008DF1F8 /* main.m */ = {isa = PBXFileReference; lastKnownFileType = sourcecode.c.objc; path = main.m; sourceTree = "<group>"; };
		FC97639D188FEB89008DF1F8 /* photoshare-Prefix.pch */ = {isa = PBXFileReference; lastKnownFileType = sourcecode.c.h; path = "photoshare-Prefix.pch"; sourceTree = "<group>"; };
		FC97639E188FEB89008DF1F8 /* AppDelegate.h */ = {isa = PBXFileReference; lastKnownFileType = sourcecode.c.h; path = AppDelegate.h; sourceTree = "<group>"; };
		FC97639F188FEB89008DF1F8 /* AppDelegate.m */ = {isa = PBXFileReference; lastKnownFileType = sourcecode.c.objc; path = AppDelegate.m; sourceTree = "<group>"; };
		FC9763AA188FEB89008DF1F8 /* Images.xcassets */ = {isa = PBXFileReference; lastKnownFileType = folder.assetcatalog; path = Images.xcassets; sourceTree = "<group>"; };
		FC9763B0188FEB89008DF1F8 /* photoshareTests.xctest */ = {isa = PBXFileReference; explicitFileType = wrapper.cfbundle; includeInIndex = 0; path = photoshareTests.xctest; sourceTree = BUILT_PRODUCTS_DIR; };
		FC9763B1188FEB89008DF1F8 /* XCTest.framework */ = {isa = PBXFileReference; lastKnownFileType = wrapper.framework; name = XCTest.framework; path = Library/Frameworks/XCTest.framework; sourceTree = DEVELOPER_DIR; };
		FC9763B9188FEB89008DF1F8 /* photoshareTests-Info.plist */ = {isa = PBXFileReference; lastKnownFileType = text.plist.xml; path = "photoshareTests-Info.plist"; sourceTree = "<group>"; };
		FC9763BB188FEB89008DF1F8 /* en */ = {isa = PBXFileReference; lastKnownFileType = text.plist.strings; name = en; path = en.lproj/InfoPlist.strings; sourceTree = "<group>"; };
		FC9763BD188FEB89008DF1F8 /* photoshareTests.m */ = {isa = PBXFileReference; lastKnownFileType = sourcecode.c.objc; path = photoshareTests.m; sourceTree = "<group>"; };
		FC9763F9189003E9008DF1F8 /* CommunityViewController.h */ = {isa = PBXFileReference; fileEncoding = 4; lastKnownFileType = sourcecode.c.h; path = CommunityViewController.h; sourceTree = "<group>"; };
		FC9763FA189003E9008DF1F8 /* CommunityViewController.m */ = {isa = PBXFileReference; fileEncoding = 4; lastKnownFileType = sourcecode.c.objc; path = CommunityViewController.m; sourceTree = "<group>"; };
		FC9763FB189003E9008DF1F8 /* CommunityViewController.xib */ = {isa = PBXFileReference; fileEncoding = 4; lastKnownFileType = file.xib; path = CommunityViewController.xib; sourceTree = "<group>"; };
		FC976403189004E0008DF1F8 /* ReferFriendViewController.h */ = {isa = PBXFileReference; fileEncoding = 4; lastKnownFileType = sourcecode.c.h; path = ReferFriendViewController.h; sourceTree = "<group>"; };
		FC976404189004E0008DF1F8 /* ReferFriendViewController.m */ = {isa = PBXFileReference; fileEncoding = 4; lastKnownFileType = sourcecode.c.objc; path = ReferFriendViewController.m; sourceTree = "<group>"; };
		FC976405189004E0008DF1F8 /* ReferFriendViewController.xib */ = {isa = PBXFileReference; fileEncoding = 4; lastKnownFileType = file.xib; path = ReferFriendViewController.xib; sourceTree = "<group>"; };
		FC97640818900505008DF1F8 /* AccountViewController.h */ = {isa = PBXFileReference; fileEncoding = 4; lastKnownFileType = sourcecode.c.h; path = AccountViewController.h; sourceTree = "<group>"; };
		FC97640918900505008DF1F8 /* AccountViewController.m */ = {isa = PBXFileReference; fileEncoding = 4; lastKnownFileType = sourcecode.c.objc; path = AccountViewController.m; sourceTree = "<group>"; };
		FC97640A18900505008DF1F8 /* AccountViewController.xib */ = {isa = PBXFileReference; fileEncoding = 4; lastKnownFileType = file.xib; path = AccountViewController.xib; sourceTree = "<group>"; };
		FC97640F18900734008DF1F8 /* PhotoViewController.h */ = {isa = PBXFileReference; fileEncoding = 4; lastKnownFileType = sourcecode.c.h; path = PhotoViewController.h; sourceTree = "<group>"; };
		FC97641018900734008DF1F8 /* PhotoViewController.m */ = {isa = PBXFileReference; fileEncoding = 4; lastKnownFileType = sourcecode.c.objc; path = PhotoViewController.m; sourceTree = "<group>"; };
		FC97641118900734008DF1F8 /* PhotoViewController.xib */ = {isa = PBXFileReference; fileEncoding = 4; lastKnownFileType = file.xib; path = PhotoViewController.xib; sourceTree = "<group>"; };
		FC97641418900B00008DF1F8 /* HomeViewController.h */ = {isa = PBXFileReference; fileEncoding = 4; lastKnownFileType = sourcecode.c.h; path = HomeViewController.h; sourceTree = "<group>"; };
		FC97641518900B00008DF1F8 /* HomeViewController.m */ = {isa = PBXFileReference; fileEncoding = 4; lastKnownFileType = sourcecode.c.objc; path = HomeViewController.m; sourceTree = "<group>"; };
		FC97641618900B00008DF1F8 /* HomeViewController.xib */ = {isa = PBXFileReference; fileEncoding = 4; lastKnownFileType = file.xib; path = HomeViewController.xib; sourceTree = "<group>"; };
		FCB0B77318945C0F001722B3 /* WebserviceController.h */ = {isa = PBXFileReference; fileEncoding = 4; lastKnownFileType = sourcecode.c.h; path = WebserviceController.h; sourceTree = "<group>"; };
		FCB0B77418945C0F001722B3 /* WebserviceController.m */ = {isa = PBXFileReference; fileEncoding = 4; lastKnownFileType = sourcecode.c.objc; path = WebserviceController.m; sourceTree = "<group>"; };
/* End PBXFileReference section */

/* Begin PBXFrameworksBuildPhase section */
		FC976389188FEB89008DF1F8 /* Frameworks */ = {
			isa = PBXFrameworksBuildPhase;
			buildActionMask = 2147483647;
			files = (
				FC976392188FEB89008DF1F8 /* CoreGraphics.framework in Frameworks */,
				FC976394188FEB89008DF1F8 /* UIKit.framework in Frameworks */,
				FC976390188FEB89008DF1F8 /* Foundation.framework in Frameworks */,
			);
			runOnlyForDeploymentPostprocessing = 0;
		};
		FC9763AD188FEB89008DF1F8 /* Frameworks */ = {
			isa = PBXFrameworksBuildPhase;
			buildActionMask = 2147483647;
			files = (
				FC9763B2188FEB89008DF1F8 /* XCTest.framework in Frameworks */,
				FC9763B4188FEB89008DF1F8 /* UIKit.framework in Frameworks */,
				FC9763B3188FEB89008DF1F8 /* Foundation.framework in Frameworks */,
			);
			runOnlyForDeploymentPostprocessing = 0;
		};
/* End PBXFrameworksBuildPhase section */

/* Begin PBXGroup section */
		E18648CF1896285800175E8D /* base64 */ = {
			isa = PBXGroup;
			children = (
				E18648D01896285800175E8D /* Base64.h */,
				E18648D11896285800175E8D /* Base64.m */,
			);
			path = base64;
			sourceTree = "<group>";
		};
		E388F2421892546E005BB5E5 /* Barchart */ = {
			isa = PBXGroup;
			children = (
				E17222B5189280FE00F28748 /* JXBarChartView.h */,
				E17222B6189280FE00F28748 /* JXBarChartView.m */,
			);
			name = Barchart;
			sourceTree = "<group>";
		};
		FC976383188FEB89008DF1F8 = {
			isa = PBXGroup;
			children = (
				FC976395188FEB89008DF1F8 /* photoshare */,
				FC9763B7188FEB89008DF1F8 /* photoshareTests */,
				FC97638E188FEB89008DF1F8 /* Frameworks */,
				FC97638D188FEB89008DF1F8 /* Products */,
			);
			sourceTree = "<group>";
		};
		FC97638D188FEB89008DF1F8 /* Products */ = {
			isa = PBXGroup;
			children = (
				FC97638C188FEB89008DF1F8 /* photoshare.app */,
				FC9763B0188FEB89008DF1F8 /* photoshareTests.xctest */,
			);
			name = Products;
			sourceTree = "<group>";
		};
		FC97638E188FEB89008DF1F8 /* Frameworks */ = {
			isa = PBXGroup;
			children = (
				FC97638F188FEB89008DF1F8 /* Foundation.framework */,
				FC976391188FEB89008DF1F8 /* CoreGraphics.framework */,
				FC976393188FEB89008DF1F8 /* UIKit.framework */,
				FC9763B1188FEB89008DF1F8 /* XCTest.framework */,
			);
			name = Frameworks;
			sourceTree = "<group>";
		};
		FC976395188FEB89008DF1F8 /* photoshare */ = {
			isa = PBXGroup;
			children = (
				E18648CF1896285800175E8D /* base64 */,
				FCB0B76D18945BC2001722B3 /* webservice */,
				E388F2421892546E005BB5E5 /* Barchart */,
				FC97640D1890050C008DF1F8 /* Layouts */,
				FC97639E188FEB89008DF1F8 /* AppDelegate.h */,
				FC97639F188FEB89008DF1F8 /* AppDelegate.m */,
				FC9763AA188FEB89008DF1F8 /* Images.xcassets */,
				FC976396188FEB89008DF1F8 /* Supporting Files */,
				E17222D6189285A100F28748 /* LoginViewController.h */,
				E17222D7189285A100F28748 /* LoginViewController.m */,
				E17222C7189281B000F28748 /* ResetPasswordController.h */,
				E17222C8189281B000F28748 /* ResetPasswordController.m */,
				E16F39191891325600064806 /* CommonTopView.h */,
				E16F391A1891325600064806 /* CommonTopView.m */,
				FC97641418900B00008DF1F8 /* HomeViewController.h */,
				FC97641518900B00008DF1F8 /* HomeViewController.m */,
				FC9763F9189003E9008DF1F8 /* CommunityViewController.h */,
				FC9763FA189003E9008DF1F8 /* CommunityViewController.m */,
				E17222AB18923AF900F28748 /* CollectionViewCell.h */,
				E17222AC18923AF900F28748 /* CollectionViewCell.m */,
				E17222B01892518B00F28748 /* AddEditFolderViewController.h */,
				E17222B11892518B00F28748 /* AddEditFolderViewController.m */,
				E169DAAA18939FF500BE0B5B /* PhotoGalleryViewController.h */,
				E169DAAB18939FF500BE0B5B /* PhotoGalleryViewController.m */,
				FC976403189004E0008DF1F8 /* ReferFriendViewController.h */,
				FC976404189004E0008DF1F8 /* ReferFriendViewController.m */,
				E31AA48818962DFA0065F8E2 /* ReferralStageFourVC.h */,
				E31AA48918962DFA0065F8E2 /* ReferralStageFourVC.m */,
				E31AA48A18962DFA0065F8E2 /* ReferralStageFourVC.xib */,
				E31AA48D189662C00065F8E2 /* EditMessageVC.h */,
				E31AA48E189662C00065F8E2 /* EditMessageVC.m */,
				E31AA48F189662C00065F8E2 /* EditMessageVC.xib */,
				E17222B81892817800F28748 /* EarningViewController.h */,
				E17222B91892817800F28748 /* EarningViewController.m */,
				E3188D941893829C004ACF77 /* MyReferralViewController.h */,
				E3188D951893829C004ACF77 /* MyReferralViewController.m */,
				E3188D9918938888004ACF77 /* CustomCell.h */,
				E3188D9A18938888004ACF77 /* CustomCell.m */,
				E3188DA01893968A004ACF77 /* FinanceCalculatorViewController.h */,
				E3188DA11893968A004ACF77 /* FinanceCalculatorViewController.m */,
				E17222C21892819A00F28748 /* PastPayementViewController.h */,
				E17222C31892819A00F28748 /* PastPayementViewController.m */,
				FC97640818900505008DF1F8 /* AccountViewController.h */,
				FC97640918900505008DF1F8 /* AccountViewController.m */,
				FC97640F18900734008DF1F8 /* PhotoViewController.h */,
				FC97641018900734008DF1F8 /* PhotoViewController.m */,
				E3188D941893829C004ACF77 /* MyReferralViewController.h */,
				E3188D951893829C004ACF77 /* MyReferralViewController.m */,
				E3188D9918938888004ACF77 /* CustomCell.h */,
				E3188D9A18938888004ACF77 /* CustomCell.m */,
			);
			path = photoshare;
			sourceTree = "<group>";
		};
		FC976396188FEB89008DF1F8 /* Supporting Files */ = {
			isa = PBXGroup;
			children = (
				FC9763D2188FFC2D008DF1F8 /* images */,
				E17222CE189281F600F28748 /* ContentManager.h */,
				E17222CF189281F600F28748 /* ContentManager.m */,
				FC976397188FEB89008DF1F8 /* photoshare-Info.plist */,
				FC976398188FEB89008DF1F8 /* InfoPlist.strings */,
				FC97639B188FEB89008DF1F8 /* main.m */,
				FC97639D188FEB89008DF1F8 /* photoshare-Prefix.pch */,
			);
			name = "Supporting Files";
			sourceTree = "<group>";
		};
		FC9763B7188FEB89008DF1F8 /* photoshareTests */ = {
			isa = PBXGroup;
			children = (
				FC9763BD188FEB89008DF1F8 /* photoshareTests.m */,
				FC9763B8188FEB89008DF1F8 /* Supporting Files */,
			);
			path = photoshareTests;
			sourceTree = "<group>";
		};
		FC9763B8188FEB89008DF1F8 /* Supporting Files */ = {
			isa = PBXGroup;
			children = (
				FC9763B9188FEB89008DF1F8 /* photoshareTests-Info.plist */,
				FC9763BA188FEB89008DF1F8 /* InfoPlist.strings */,
			);
			name = "Supporting Files";
			sourceTree = "<group>";
		};
		FC9763D2188FFC2D008DF1F8 /* images */ = {
			isa = PBXGroup;
			children = (
				E18648D31896596200175E8D /* checkbox.png */,
				E3188DA91893BABF004ACF77 /* currencyselector_btn.png */,
				E3188D9E18939171004ACF77 /* cellImage.png */,
				E17222DB18928DE700F28748 /* arrows_blue.png */,
				E17222DC18928DE700F28748 /* cancel_btn.png */,
				E17222DD18928DE700F28748 /* cancel_red.png */,
				E17222CC189281C000F28748 /* login2_new.png */,
				E17222AE1892470600F28748 /* add_folder.png */,
				E16F391F18914D4A00064806 /* back.png */,
				E16F3917189131C600064806 /* wall.jpg */,
				E16F3915189130A800064806 /* folder-icon.png */,
				E16F38EB18912C9C00064806 /* 123-mobile-logo.png */,
				E16F38EC18912C9C00064806 /* cog-item.png */,
				E16F38ED18912C9C00064806 /* cog-itemX30.png */,
				E16F38EE18912C9C00064806 /* community-icon.png */,
				E16F38EF18912C9C00064806 /* community-iconX30.png */,
				E16F38F018912C9C00064806 /* earnings-icon.png */,
				E16F38F118912C9C00064806 /* earnings-iconX30.png */,
				E16F38F218912C9C00064806 /* folder-icon-bottomX30.png */,
				E16F38F318912C9C00064806 /* home-photo-quicklink.png */,
				E16F38F418912C9C00064806 /* icon-takephoto.png */,
				E16F38F518912C9C00064806 /* icon-takephotoX30.png */,
				E16F38F618912C9C00064806 /* login-logo.png */,
				E16F38F718912C9C00064806 /* next.png */,
				E16F38F818912C9C00064806 /* previous.png */,
				E16F38F918912C9C00064806 /* private-icon.png */,
				E16F38FA18912C9C00064806 /* share-email.png */,
				E16F38FB18912C9C00064806 /* share-facebook.png */,
				E16F38FC18912C9C00064806 /* share-sms.png */,
				E16F38FD18912C9C00064806 /* share-to-folder.png */,
				E16F38FE18912C9C00064806 /* share-twitter.png */,
				E16F38FF18912C9C00064806 /* shared-icon.png */,
			);
			name = images;
			sourceTree = "<group>";
		};
		FC97640D1890050C008DF1F8 /* Layouts */ = {
			isa = PBXGroup;
			children = (
				FC97641618900B00008DF1F8 /* HomeViewController.xib */,
				FC97641118900734008DF1F8 /* PhotoViewController.xib */,
				FC97640A18900505008DF1F8 /* AccountViewController.xib */,
				FC976405189004E0008DF1F8 /* ReferFriendViewController.xib */,
				FC9763FB189003E9008DF1F8 /* CommunityViewController.xib */,
				E16F38E518910DB000064806 /* CommunityCollectionCell.xib */,
				E17222B21892518B00F28748 /* AddEditFolderViewController.xib */,
				E169DAAC18939FF500BE0B5B /* PhotoGalleryViewController.xib */,
				E17222BA1892817800F28748 /* EarningViewController.xib */,
				E17222C41892819A00F28748 /* PastPayementViewController.xib */,
				E3188DA3189396C0004ACF77 /* FinanceCalculatorViewController.xib */,
				E3188D961893829C004ACF77 /* MyReferralViewController.xib */,
				E3188DA3189396C0004ACF77 /* FinanceCalculatorViewController.xib */,
				E3188D9B18938888004ACF77 /* CustomCell.xib */,
				E17222C9189281B000F28748 /* ResetPasswordController.xib */,
				E17222D8189285A100F28748 /* LoginViewController.xib */,
			);
			name = Layouts;
			sourceTree = "<group>";
		};
		FCB0B76D18945BC2001722B3 /* webservice */ = {
			isa = PBXGroup;
			children = (
				FCB0B77318945C0F001722B3 /* WebserviceController.h */,
				FCB0B77418945C0F001722B3 /* WebserviceController.m */,
			);
			name = webservice;
			sourceTree = "<group>";
		};
/* End PBXGroup section */

/* Begin PBXNativeTarget section */
		FC97638B188FEB89008DF1F8 /* photoshare */ = {
			isa = PBXNativeTarget;
			buildConfigurationList = FC9763C1188FEB89008DF1F8 /* Build configuration list for PBXNativeTarget "photoshare" */;
			buildPhases = (
				FC976388188FEB89008DF1F8 /* Sources */,
				FC976389188FEB89008DF1F8 /* Frameworks */,
				FC97638A188FEB89008DF1F8 /* Resources */,
			);
			buildRules = (
			);
			dependencies = (
			);
			name = photoshare;
			productName = photoshare;
			productReference = FC97638C188FEB89008DF1F8 /* photoshare.app */;
			productType = "com.apple.product-type.application";
		};
		FC9763AF188FEB89008DF1F8 /* photoshareTests */ = {
			isa = PBXNativeTarget;
			buildConfigurationList = FC9763C4188FEB89008DF1F8 /* Build configuration list for PBXNativeTarget "photoshareTests" */;
			buildPhases = (
				FC9763AC188FEB89008DF1F8 /* Sources */,
				FC9763AD188FEB89008DF1F8 /* Frameworks */,
				FC9763AE188FEB89008DF1F8 /* Resources */,
			);
			buildRules = (
			);
			dependencies = (
				FC9763B6188FEB89008DF1F8 /* PBXTargetDependency */,
			);
			name = photoshareTests;
			productName = photoshareTests;
			productReference = FC9763B0188FEB89008DF1F8 /* photoshareTests.xctest */;
			productType = "com.apple.product-type.bundle.unit-test";
		};
/* End PBXNativeTarget section */

/* Begin PBXProject section */
		FC976384188FEB89008DF1F8 /* Project object */ = {
			isa = PBXProject;
			attributes = {
				LastUpgradeCheck = 0500;
				ORGANIZATIONNAME = ignis;
				TargetAttributes = {
					FC9763AF188FEB89008DF1F8 = {
						TestTargetID = FC97638B188FEB89008DF1F8;
					};
				};
			};
			buildConfigurationList = FC976387188FEB89008DF1F8 /* Build configuration list for PBXProject "photoshare" */;
			compatibilityVersion = "Xcode 3.2";
			developmentRegion = English;
			hasScannedForEncodings = 0;
			knownRegions = (
				en,
				Base,
			);
			mainGroup = FC976383188FEB89008DF1F8;
			productRefGroup = FC97638D188FEB89008DF1F8 /* Products */;
			projectDirPath = "";
			projectRoot = "";
			targets = (
				FC97638B188FEB89008DF1F8 /* photoshare */,
				FC9763AF188FEB89008DF1F8 /* photoshareTests */,
			);
		};
/* End PBXProject section */

/* Begin PBXResourcesBuildPhase section */
		FC97638A188FEB89008DF1F8 /* Resources */ = {
			isa = PBXResourcesBuildPhase;
			buildActionMask = 2147483647;
			files = (
				E16F390618912C9C00064806 /* earnings-iconX30.png in Resources */,
				E3188D9F18939171004ACF77 /* cellImage.png in Resources */,
				E17222E018928DE700F28748 /* cancel_red.png in Resources */,
				E16F392018914D4A00064806 /* back.png in Resources */,
				E16F390518912C9C00064806 /* earnings-icon.png in Resources */,
				E16F390E18912C9C00064806 /* private-icon.png in Resources */,
				E16F390218912C9C00064806 /* cog-itemX30.png in Resources */,
				E16F390D18912C9C00064806 /* previous.png in Resources */,
				E16F391218912C9C00064806 /* share-to-folder.png in Resources */,
				E16F390A18912C9C00064806 /* icon-takephotoX30.png in Resources */,
				E17222CD189281C000F28748 /* login2_new.png in Resources */,
				E16F391418912C9C00064806 /* shared-icon.png in Resources */,
				E16F391018912C9C00064806 /* share-facebook.png in Resources */,
				E3188DA4189396C0004ACF77 /* FinanceCalculatorViewController.xib in Resources */,
				E16F390B18912C9C00064806 /* login-logo.png in Resources */,
				E3188D981893829C004ACF77 /* MyReferralViewController.xib in Resources */,
				E16F391318912C9C00064806 /* share-twitter.png in Resources */,
				E16F390818912C9C00064806 /* home-photo-quicklink.png in Resources */,
				E16F38E618910DB000064806 /* CommunityCollectionCell.xib in Resources */,
				E16F390318912C9C00064806 /* community-icon.png in Resources */,
				E16F3918189131C600064806 /* wall.jpg in Resources */,
				FC9763AB188FEB89008DF1F8 /* Images.xcassets in Resources */,
				E16F390118912C9C00064806 /* cog-item.png in Resources */,
				E16F391118912C9C00064806 /* share-sms.png in Resources */,
				E16F390918912C9C00064806 /* icon-takephoto.png in Resources */,
				E16F3916189130A800064806 /* folder-icon.png in Resources */,
				E3188DAA1893BABF004ACF77 /* currencyselector_btn.png in Resources */,
				FC97641818900B00008DF1F8 /* HomeViewController.xib in Resources */,
				FC9763FD189003E9008DF1F8 /* CommunityViewController.xib in Resources */,
				E16F390718912C9C00064806 /* folder-icon-bottomX30.png in Resources */,
				E16F390418912C9C00064806 /* community-iconX30.png in Resources */,
				E31AA48C18962DFA0065F8E2 /* ReferralStageFourVC.xib in Resources */,
				E17222DF18928DE700F28748 /* cancel_btn.png in Resources */,
				FC976407189004E0008DF1F8 /* ReferFriendViewController.xib in Resources */,
				E169DAAE18939FF500BE0B5B /* PhotoGalleryViewController.xib in Resources */,
				FC97639A188FEB89008DF1F8 /* InfoPlist.strings in Resources */,
				E16F390018912C9C00064806 /* 123-mobile-logo.png in Resources */,
				E16F390C18912C9C00064806 /* next.png in Resources */,
				E17222AF1892470600F28748 /* add_folder.png in Resources */,
				E18648D41896596200175E8D /* checkbox.png in Resources */,
				E3188D9D18938888004ACF77 /* CustomCell.xib in Resources */,
				E17222C61892819A00F28748 /* PastPayementViewController.xib in Resources */,
				E17222CB189281B000F28748 /* ResetPasswordController.xib in Resources */,
				E17222B41892518B00F28748 /* AddEditFolderViewController.xib in Resources */,
				FC97640C18900505008DF1F8 /* AccountViewController.xib in Resources */,
				E17222DA189285A100F28748 /* LoginViewController.xib in Resources */,
				E16F390F18912C9C00064806 /* share-email.png in Resources */,
				E17222BC1892817800F28748 /* EarningViewController.xib in Resources */,
				E31AA491189662C00065F8E2 /* EditMessageVC.xib in Resources */,
				FC97641318900734008DF1F8 /* PhotoViewController.xib in Resources */,
				E17222DE18928DE700F28748 /* arrows_blue.png in Resources */,
			);
			runOnlyForDeploymentPostprocessing = 0;
		};
		FC9763AE188FEB89008DF1F8 /* Resources */ = {
			isa = PBXResourcesBuildPhase;
			buildActionMask = 2147483647;
			files = (
				FC9763BC188FEB89008DF1F8 /* InfoPlist.strings in Resources */,
			);
			runOnlyForDeploymentPostprocessing = 0;
		};
/* End PBXResourcesBuildPhase section */

/* Begin PBXSourcesBuildPhase section */
		FC976388188FEB89008DF1F8 /* Sources */ = {
			isa = PBXSourcesBuildPhase;
			buildActionMask = 2147483647;
			files = (
				E17222B31892518B00F28748 /* AddEditFolderViewController.m in Sources */,
				E169DAAD18939FF500BE0B5B /* PhotoGalleryViewController.m in Sources */,
				E17222D0189281F600F28748 /* ContentManager.m in Sources */,
				E17222B7189280FE00F28748 /* JXBarChartView.m in Sources */,
				FC9763FC189003E9008DF1F8 /* CommunityViewController.m in Sources */,
				E3188D971893829C004ACF77 /* MyReferralViewController.m in Sources */,
				FC97641218900734008DF1F8 /* PhotoViewController.m in Sources */,
				FC97640B18900505008DF1F8 /* AccountViewController.m in Sources */,
				E16F391B1891325600064806 /* CommonTopView.m in Sources */,
				E3188D9C18938888004ACF77 /* CustomCell.m in Sources */,
				E18648D21896285800175E8D /* Base64.m in Sources */,
				E17222C51892819A00F28748 /* PastPayementViewController.m in Sources */,
				E17222D9189285A100F28748 /* LoginViewController.m in Sources */,
				FC97641718900B00008DF1F8 /* HomeViewController.m in Sources */,
				E31AA490189662C00065F8E2 /* EditMessageVC.m in Sources */,
				FC976406189004E0008DF1F8 /* ReferFriendViewController.m in Sources */,
				FC9763A0188FEB89008DF1F8 /* AppDelegate.m in Sources */,
				E31AA48B18962DFA0065F8E2 /* ReferralStageFourVC.m in Sources */,
				FCB0B77518945C0F001722B3 /* WebserviceController.m in Sources */,
				E17222CA189281B000F28748 /* ResetPasswordController.m in Sources */,
				E17222BB1892817800F28748 /* EarningViewController.m in Sources */,
				E17222AD18923AF900F28748 /* CollectionViewCell.m in Sources */,
				E3188DA21893968A004ACF77 /* FinanceCalculatorViewController.m in Sources */,
				FC97639C188FEB89008DF1F8 /* main.m in Sources */,
			);
			runOnlyForDeploymentPostprocessing = 0;
		};
		FC9763AC188FEB89008DF1F8 /* Sources */ = {
			isa = PBXSourcesBuildPhase;
			buildActionMask = 2147483647;
			files = (
				FC9763BE188FEB89008DF1F8 /* photoshareTests.m in Sources */,
			);
			runOnlyForDeploymentPostprocessing = 0;
		};
/* End PBXSourcesBuildPhase section */

/* Begin PBXTargetDependency section */
		FC9763B6188FEB89008DF1F8 /* PBXTargetDependency */ = {
			isa = PBXTargetDependency;
			target = FC97638B188FEB89008DF1F8 /* photoshare */;
			targetProxy = FC9763B5188FEB89008DF1F8 /* PBXContainerItemProxy */;
		};
/* End PBXTargetDependency section */

/* Begin PBXVariantGroup section */
		FC976398188FEB89008DF1F8 /* InfoPlist.strings */ = {
			isa = PBXVariantGroup;
			children = (
				FC976399188FEB89008DF1F8 /* en */,
			);
			name = InfoPlist.strings;
			sourceTree = "<group>";
		};
		FC9763BA188FEB89008DF1F8 /* InfoPlist.strings */ = {
			isa = PBXVariantGroup;
			children = (
				FC9763BB188FEB89008DF1F8 /* en */,
			);
			name = InfoPlist.strings;
			sourceTree = "<group>";
		};
/* End PBXVariantGroup section */

/* Begin XCBuildConfiguration section */
		FC9763BF188FEB89008DF1F8 /* Debug */ = {
			isa = XCBuildConfiguration;
			buildSettings = {
				ALWAYS_SEARCH_USER_PATHS = NO;
				ARCHS = "$(ARCHS_STANDARD_INCLUDING_64_BIT)";
				CLANG_CXX_LANGUAGE_STANDARD = "gnu++0x";
				CLANG_CXX_LIBRARY = "libc++";
				CLANG_ENABLE_MODULES = YES;
				CLANG_ENABLE_OBJC_ARC = YES;
				CLANG_WARN_BOOL_CONVERSION = YES;
				CLANG_WARN_CONSTANT_CONVERSION = YES;
				CLANG_WARN_DIRECT_OBJC_ISA_USAGE = YES_ERROR;
				CLANG_WARN_EMPTY_BODY = YES;
				CLANG_WARN_ENUM_CONVERSION = YES;
				CLANG_WARN_INT_CONVERSION = YES;
				CLANG_WARN_OBJC_ROOT_CLASS = YES_ERROR;
				CLANG_WARN__DUPLICATE_METHOD_MATCH = YES;
				"CODE_SIGN_IDENTITY[sdk=iphoneos*]" = "iPhone Developer";
				COPY_PHASE_STRIP = NO;
				GCC_C_LANGUAGE_STANDARD = gnu99;
				GCC_DYNAMIC_NO_PIC = NO;
				GCC_OPTIMIZATION_LEVEL = 0;
				GCC_PREPROCESSOR_DEFINITIONS = (
					"DEBUG=1",
					"$(inherited)",
				);
				GCC_SYMBOLS_PRIVATE_EXTERN = NO;
				GCC_WARN_64_TO_32_BIT_CONVERSION = YES;
				GCC_WARN_ABOUT_RETURN_TYPE = YES_ERROR;
				GCC_WARN_UNDECLARED_SELECTOR = YES;
				GCC_WARN_UNINITIALIZED_AUTOS = YES;
				GCC_WARN_UNUSED_FUNCTION = YES;
				GCC_WARN_UNUSED_VARIABLE = YES;
				IPHONEOS_DEPLOYMENT_TARGET = 7.0;
				ONLY_ACTIVE_ARCH = YES;
				SDKROOT = iphoneos;
				TARGETED_DEVICE_FAMILY = "1,2";
			};
			name = Debug;
		};
		FC9763C0188FEB89008DF1F8 /* Release */ = {
			isa = XCBuildConfiguration;
			buildSettings = {
				ALWAYS_SEARCH_USER_PATHS = NO;
				ARCHS = "$(ARCHS_STANDARD_INCLUDING_64_BIT)";
				CLANG_CXX_LANGUAGE_STANDARD = "gnu++0x";
				CLANG_CXX_LIBRARY = "libc++";
				CLANG_ENABLE_MODULES = YES;
				CLANG_ENABLE_OBJC_ARC = YES;
				CLANG_WARN_BOOL_CONVERSION = YES;
				CLANG_WARN_CONSTANT_CONVERSION = YES;
				CLANG_WARN_DIRECT_OBJC_ISA_USAGE = YES_ERROR;
				CLANG_WARN_EMPTY_BODY = YES;
				CLANG_WARN_ENUM_CONVERSION = YES;
				CLANG_WARN_INT_CONVERSION = YES;
				CLANG_WARN_OBJC_ROOT_CLASS = YES_ERROR;
				CLANG_WARN__DUPLICATE_METHOD_MATCH = YES;
				"CODE_SIGN_IDENTITY[sdk=iphoneos*]" = "iPhone Developer";
				COPY_PHASE_STRIP = YES;
				ENABLE_NS_ASSERTIONS = NO;
				GCC_C_LANGUAGE_STANDARD = gnu99;
				GCC_WARN_64_TO_32_BIT_CONVERSION = YES;
				GCC_WARN_ABOUT_RETURN_TYPE = YES_ERROR;
				GCC_WARN_UNDECLARED_SELECTOR = YES;
				GCC_WARN_UNINITIALIZED_AUTOS = YES;
				GCC_WARN_UNUSED_FUNCTION = YES;
				GCC_WARN_UNUSED_VARIABLE = YES;
				IPHONEOS_DEPLOYMENT_TARGET = 7.0;
				SDKROOT = iphoneos;
				TARGETED_DEVICE_FAMILY = "1,2";
				VALIDATE_PRODUCT = YES;
			};
			name = Release;
		};
		FC9763C2188FEB89008DF1F8 /* Debug */ = {
			isa = XCBuildConfiguration;
			buildSettings = {
				ASSETCATALOG_COMPILER_APPICON_NAME = AppIcon;
				ASSETCATALOG_COMPILER_LAUNCHIMAGE_NAME = LaunchImage;
				GCC_PRECOMPILE_PREFIX_HEADER = YES;
				GCC_PREFIX_HEADER = "photoshare/photoshare-Prefix.pch";
				INFOPLIST_FILE = "photoshare/photoshare-Info.plist";
				PRODUCT_NAME = "$(TARGET_NAME)";
				TARGETED_DEVICE_FAMILY = "1,2";
				WRAPPER_EXTENSION = app;
			};
			name = Debug;
		};
		FC9763C3188FEB89008DF1F8 /* Release */ = {
			isa = XCBuildConfiguration;
			buildSettings = {
				ASSETCATALOG_COMPILER_APPICON_NAME = AppIcon;
				ASSETCATALOG_COMPILER_LAUNCHIMAGE_NAME = LaunchImage;
				GCC_PRECOMPILE_PREFIX_HEADER = YES;
				GCC_PREFIX_HEADER = "photoshare/photoshare-Prefix.pch";
				INFOPLIST_FILE = "photoshare/photoshare-Info.plist";
				PRODUCT_NAME = "$(TARGET_NAME)";
				TARGETED_DEVICE_FAMILY = "1,2";
				WRAPPER_EXTENSION = app;
			};
			name = Release;
		};
		FC9763C5188FEB89008DF1F8 /* Debug */ = {
			isa = XCBuildConfiguration;
			buildSettings = {
				ARCHS = "$(ARCHS_STANDARD_INCLUDING_64_BIT)";
				BUNDLE_LOADER = "$(BUILT_PRODUCTS_DIR)/photoshare.app/photoshare";
				FRAMEWORK_SEARCH_PATHS = (
					"$(SDKROOT)/Developer/Library/Frameworks",
					"$(inherited)",
					"$(DEVELOPER_FRAMEWORKS_DIR)",
				);
				GCC_PRECOMPILE_PREFIX_HEADER = YES;
				GCC_PREFIX_HEADER = "photoshare/photoshare-Prefix.pch";
				GCC_PREPROCESSOR_DEFINITIONS = (
					"DEBUG=1",
					"$(inherited)",
				);
				INFOPLIST_FILE = "photoshareTests/photoshareTests-Info.plist";
				PRODUCT_NAME = "$(TARGET_NAME)";
				TEST_HOST = "$(BUNDLE_LOADER)";
				WRAPPER_EXTENSION = xctest;
			};
			name = Debug;
		};
		FC9763C6188FEB89008DF1F8 /* Release */ = {
			isa = XCBuildConfiguration;
			buildSettings = {
				ARCHS = "$(ARCHS_STANDARD_INCLUDING_64_BIT)";
				BUNDLE_LOADER = "$(BUILT_PRODUCTS_DIR)/photoshare.app/photoshare";
				FRAMEWORK_SEARCH_PATHS = (
					"$(SDKROOT)/Developer/Library/Frameworks",
					"$(inherited)",
					"$(DEVELOPER_FRAMEWORKS_DIR)",
				);
				GCC_PRECOMPILE_PREFIX_HEADER = YES;
				GCC_PREFIX_HEADER = "photoshare/photoshare-Prefix.pch";
				INFOPLIST_FILE = "photoshareTests/photoshareTests-Info.plist";
				PRODUCT_NAME = "$(TARGET_NAME)";
				TEST_HOST = "$(BUNDLE_LOADER)";
				WRAPPER_EXTENSION = xctest;
			};
			name = Release;
		};
/* End XCBuildConfiguration section */

/* Begin XCConfigurationList section */
		FC976387188FEB89008DF1F8 /* Build configuration list for PBXProject "photoshare" */ = {
			isa = XCConfigurationList;
			buildConfigurations = (
				FC9763BF188FEB89008DF1F8 /* Debug */,
				FC9763C0188FEB89008DF1F8 /* Release */,
			);
			defaultConfigurationIsVisible = 0;
			defaultConfigurationName = Release;
		};
		FC9763C1188FEB89008DF1F8 /* Build configuration list for PBXNativeTarget "photoshare" */ = {
			isa = XCConfigurationList;
			buildConfigurations = (
				FC9763C2188FEB89008DF1F8 /* Debug */,
				FC9763C3188FEB89008DF1F8 /* Release */,
			);
			defaultConfigurationIsVisible = 0;
			defaultConfigurationName = Release;
		};
		FC9763C4188FEB89008DF1F8 /* Build configuration list for PBXNativeTarget "photoshareTests" */ = {
			isa = XCConfigurationList;
			buildConfigurations = (
				FC9763C5188FEB89008DF1F8 /* Debug */,
				FC9763C6188FEB89008DF1F8 /* Release */,
			);
			defaultConfigurationIsVisible = 0;
			defaultConfigurationName = Release;
		};
/* End XCConfigurationList section */
	};
	rootObject = FC976384188FEB89008DF1F8 /* Project object */;
}
